
Microsoft Visual Studio Solution File, Format Version 12.00
# Visual Studio 15
Project("{FAE04EC0-301F-11D3-BF4B-00C04F79EFBC}") = "Rori Souls", "Assembly-CSharp.csproj", "{FBC1A070-FC15-B621-23E2-5C33FED3CE6F}"
EndProject
Project("{FAE04EC0-301F-11D3-BF4B-00C04F79EFBC}") = "Rori Souls", "Assembly-CSharp-Editor.csproj", "{D477C54C-11C7-1835-6B72-72123B5DA103}"
EndProject
Global
	GlobalSection(SolutionConfigurationPlatforms) = preSolution
		Debug|Any CPU = Debug|Any CPU
		Release|Any CPU = Release|Any CPU
	EndGlobalSection
	GlobalSection(ProjectConfigurationPlatforms) = postSolution
		{FBC1A070-FC15-B621-23E2-5C33FED3CE6F}.Debug|Any CPU.ActiveCfg = Debug|Any CPU
		{FBC1A070-FC15-B621-23E2-5C33FED3CE6F}.Debug|Any CPU.Build.0 = Debug|Any CPU
		{FBC1A070-FC15-B621-23E2-5C33FED3CE6F}.Release|Any CPU.ActiveCfg = Release|Any CPU
		{FBC1A070-FC15-B621-23E2-5C33FED3CE6F}.Release|Any CPU.Build.0 = Release|Any CPU
		{D477C54C-11C7-1835-6B72-72123B5DA103}.Debug|Any CPU.ActiveCfg = Debug|Any CPU
		{D477C54C-11C7-1835-6B72-72123B5DA103}.Debug|Any CPU.Build.0 = Debug|Any CPU
		{D477C54C-11C7-1835-6B72-72123B5DA103}.Release|Any CPU.ActiveCfg = Release|Any CPU
		{D477C54C-11C7-1835-6B72-72123B5DA103}.Release|Any CPU.Build.0 = Release|Any CPU
	EndGlobalSection
	GlobalSection(SolutionProperties) = preSolution
		HideSolutionNode = FALSE
	EndGlobalSection
EndGlobal
